
Microsoft Visual Studio Solution File, Format Version 12.00
# Visual Studio Version 17
VisualStudioVersion = 17.5.002.0
MinimumVisualStudioVersion = 10.0.40219.1
Project("{9A19103F-16F7-4668-BE54-9A1E7A4F7556}") = "practica6-Rciat05", "practica6-Rciat05.csproj", "{BDBF14FC-D3E3-423F-A733-3970DFED8172}"
EndProject
Global
	GlobalSection(SolutionConfigurationPlatforms) = preSolution
		Debug|Any CPU = Debug|Any CPU
		Release|Any CPU = Release|Any CPU
	EndGlobalSection
	GlobalSection(ProjectConfigurationPlatforms) = postSolution
		{BDBF14FC-D3E3-423F-A733-3970DFED8172}.Debug|Any CPU.ActiveCfg = Debug|Any CPU
		{BDBF14FC-D3E3-423F-A733-3970DFED8172}.Debug|Any CPU.Build.0 = Debug|Any CPU
		{BDBF14FC-D3E3-423F-A733-3970DFED8172}.Release|Any CPU.ActiveCfg = Release|Any CPU
		{BDBF14FC-D3E3-423F-A733-3970DFED8172}.Release|Any CPU.Build.0 = Release|Any CPU
	EndGlobalSection
	GlobalSection(SolutionProperties) = preSolution
		HideSolutionNode = FALSE
	EndGlobalSection
	GlobalSection(ExtensibilityGlobals) = postSolution
		SolutionGuid = {BE7B46AD-CA07-4AB3-B788-74B3F7725369}
	EndGlobalSection
EndGlobal
